
Microsoft Visual Studio Solution File, Format Version 11.00
# Visual C# Express 2010
Project("{FAE04EC0-301F-11D3-BF4B-00C04F79EFBC}") = "21. Dias de la semana", "21. Dias de la semana\21. Dias de la semana.csproj", "{AFBFFE5F-30A1-4ACC-8A56-B5D396A9AADB}"
EndProject
Global
	GlobalSection(SolutionConfigurationPlatforms) = preSolution
		Debug|x86 = Debug|x86
		Release|x86 = Release|x86
	EndGlobalSection
	GlobalSection(ProjectConfigurationPlatforms) = postSolution
		{AFBFFE5F-30A1-4ACC-8A56-B5D396A9AADB}.Debug|x86.ActiveCfg = Debug|x86
		{AFBFFE5F-30A1-4ACC-8A56-B5D396A9AADB}.Debug|x86.Build.0 = Debug|x86
		{AFBFFE5F-30A1-4ACC-8A56-B5D396A9AADB}.Release|x86.ActiveCfg = Release|x86
		{AFBFFE5F-30A1-4ACC-8A56-B5D396A9AADB}.Release|x86.Build.0 = Release|x86
	EndGlobalSection
	GlobalSection(SolutionProperties) = preSolution
		HideSolutionNode = FALSE
	EndGlobalSection
EndGlobal
