
Microsoft Visual Studio Solution File, Format Version 11.00
# Visual C# Express 2010
Project("{FAE04EC0-301F-11D3-BF4B-00C04F79EFBC}") = "17.  Numero divisible", "17.  Numero divisible\17.  Numero divisible.csproj", "{BFB9B40C-46E3-48B0-874F-D6073521A2B0}"
EndProject
Global
	GlobalSection(SolutionConfigurationPlatforms) = preSolution
		Debug|x86 = Debug|x86
		Release|x86 = Release|x86
	EndGlobalSection
	GlobalSection(ProjectConfigurationPlatforms) = postSolution
		{BFB9B40C-46E3-48B0-874F-D6073521A2B0}.Debug|x86.ActiveCfg = Debug|x86
		{BFB9B40C-46E3-48B0-874F-D6073521A2B0}.Debug|x86.Build.0 = Debug|x86
		{BFB9B40C-46E3-48B0-874F-D6073521A2B0}.Release|x86.ActiveCfg = Release|x86
		{BFB9B40C-46E3-48B0-874F-D6073521A2B0}.Release|x86.Build.0 = Release|x86
	EndGlobalSection
	GlobalSection(SolutionProperties) = preSolution
		HideSolutionNode = FALSE
	EndGlobalSection
EndGlobal
